
Microsoft Visual Studio Solution File, Format Version 12.00
# Visual Studio 2013
VisualStudioVersion = 12.0.31101.0
MinimumVisualStudioVersion = 10.0.40219.1
Project("{FAE04EC0-301F-11D3-BF4B-00C04F79EFBC}") = "WebApiDemo", "WebApiDemo\WebApiDemo.csproj", "{33C8CD27-1E77-4BE9-BD8D-CB33B7945300}"
EndProject
Project("{FAE04EC0-301F-11D3-BF4B-00C04F79EFBC}") = "DiabloDatabase", "DiabloDatabase\DiabloDatabase.csproj", "{00A65E25-FE94-4639-9745-06709637C437}"
EndProject
Global
	GlobalSection(SolutionConfigurationPlatforms) = preSolution
		Debug|Any CPU = Debug|Any CPU
		Release|Any CPU = Release|Any CPU
	EndGlobalSection
	GlobalSection(ProjectConfigurationPlatforms) = postSolution
		{33C8CD27-1E77-4BE9-BD8D-CB33B7945300}.Debug|Any CPU.ActiveCfg = Debug|Any CPU
		{33C8CD27-1E77-4BE9-BD8D-CB33B7945300}.Debug|Any CPU.Build.0 = Debug|Any CPU
		{33C8CD27-1E77-4BE9-BD8D-CB33B7945300}.Release|Any CPU.ActiveCfg = Release|Any CPU
		{33C8CD27-1E77-4BE9-BD8D-CB33B7945300}.Release|Any CPU.Build.0 = Release|Any CPU
		{00A65E25-FE94-4639-9745-06709637C437}.Debug|Any CPU.ActiveCfg = Debug|Any CPU
		{00A65E25-FE94-4639-9745-06709637C437}.Debug|Any CPU.Build.0 = Debug|Any CPU
		{00A65E25-FE94-4639-9745-06709637C437}.Release|Any CPU.ActiveCfg = Release|Any CPU
		{00A65E25-FE94-4639-9745-06709637C437}.Release|Any CPU.Build.0 = Release|Any CPU
	EndGlobalSection
	GlobalSection(SolutionProperties) = preSolution
		HideSolutionNode = FALSE
	EndGlobalSection
EndGlobal
